// !$*UTF8*$!
{
	archiveVersion = 1;
	classes = {
	};
	objectVersion = 50;
	objects = {

/* Begin PBXBuildFile section */
		A10A12EC2473859700AE1AAA /* AppDelegate.swift in Sources */ = {isa = PBXBuildFile; fileRef = A10A12EB2473859700AE1AAA /* AppDelegate.swift */; };
		A10A12EE2473859700AE1AAA /* SceneDelegate.swift in Sources */ = {isa = PBXBuildFile; fileRef = A10A12ED2473859700AE1AAA /* SceneDelegate.swift */; };
		A10A12F02473859700AE1AAA /* MapViewController.swift in Sources */ = {isa = PBXBuildFile; fileRef = A10A12EF2473859700AE1AAA /* MapViewController.swift */; };
		A10A12F32473859700AE1AAA /* Main.storyboard in Resources */ = {isa = PBXBuildFile; fileRef = A10A12F12473859700AE1AAA /* Main.storyboard */; };
		A10A12F52473859A00AE1AAA /* Assets.xcassets in Resources */ = {isa = PBXBuildFile; fileRef = A10A12F42473859A00AE1AAA /* Assets.xcassets */; };
		A10A12F82473859A00AE1AAA /* LaunchScreen.storyboard in Resources */ = {isa = PBXBuildFile; fileRef = A10A12F62473859A00AE1AAA /* LaunchScreen.storyboard */; };
		A13D9E2224750030007496FE /* VirtualTourist.xcdatamodeld in Sources */ = {isa = PBXBuildFile; fileRef = A13D9E2024750030007496FE /* VirtualTourist.xcdatamodeld */; };
		A19B747624763F5C00D28D84 /* DataController.swift in Sources */ = {isa = PBXBuildFile; fileRef = A19B747524763F5C00D28D84 /* DataController.swift */; };
		A1EF9806247438E900727DC0 /* PhotoAlbumViewController.swift in Sources */ = {isa = PBXBuildFile; fileRef = A1EF9805247438E900727DC0 /* PhotoAlbumViewController.swift */; };
		A1EF980924743DFB00727DC0 /* ApiClient.swift in Sources */ = {isa = PBXBuildFile; fileRef = A1EF980824743DFB00727DC0 /* ApiClient.swift */; };
/* End PBXBuildFile section */

/* Begin PBXFileReference section */
		A10A12E82473859700AE1AAA /* VirtualTourist.app */ = {isa = PBXFileReference; explicitFileType = wrapper.application; includeInIndex = 0; path = VirtualTourist.app; sourceTree = BUILT_PRODUCTS_DIR; };
		A10A12EB2473859700AE1AAA /* AppDelegate.swift */ = {isa = PBXFileReference; lastKnownFileType = sourcecode.swift; path = AppDelegate.swift; sourceTree = "<group>"; };
		A10A12ED2473859700AE1AAA /* SceneDelegate.swift */ = {isa = PBXFileReference; lastKnownFileType = sourcecode.swift; path = SceneDelegate.swift; sourceTree = "<group>"; };
		A10A12EF2473859700AE1AAA /* MapViewController.swift */ = {isa = PBXFileReference; lastKnownFileType = sourcecode.swift; path = MapViewController.swift; sourceTree = "<group>"; };
		A10A12F22473859700AE1AAA /* Base */ = {isa = PBXFileReference; lastKnownFileType = file.storyboard; name = Base; path = Base.lproj/Main.storyboard; sourceTree = "<group>"; };
		A10A12F42473859A00AE1AAA /* Assets.xcassets */ = {isa = PBXFileReference; lastKnownFileType = folder.assetcatalog; path = Assets.xcassets; sourceTree = "<group>"; };
		A10A12F72473859A00AE1AAA /* Base */ = {isa = PBXFileReference; lastKnownFileType = file.storyboard; name = Base; path = Base.lproj/LaunchScreen.storyboard; sourceTree = "<group>"; };
		A10A12F92473859A00AE1AAA /* Info.plist */ = {isa = PBXFileReference; lastKnownFileType = text.plist.xml; path = Info.plist; sourceTree = "<group>"; };
		A13D9E2124750030007496FE /* VirtualTourist.xcdatamodel */ = {isa = PBXFileReference; lastKnownFileType = wrapper.xcdatamodel; path = VirtualTourist.xcdatamodel; sourceTree = "<group>"; };
		A19B747524763F5C00D28D84 /* DataController.swift */ = {isa = PBXFileReference; lastKnownFileType = sourcecode.swift; path = DataController.swift; sourceTree = "<group>"; };
		A1EF9805247438E900727DC0 /* PhotoAlbumViewController.swift */ = {isa = PBXFileReference; lastKnownFileType = sourcecode.swift; path = PhotoAlbumViewController.swift; sourceTree = "<group>"; };
		A1EF980824743DFB00727DC0 /* ApiClient.swift */ = {isa = PBXFileReference; lastKnownFileType = sourcecode.swift; path = ApiClient.swift; sourceTree = "<group>"; };
/* End PBXFileReference section */

/* Begin PBXFrameworksBuildPhase section */
		A10A12E52473859700AE1AAA /* Frameworks */ = {
			isa = PBXFrameworksBuildPhase;
			buildActionMask = 2147483647;
			files = (
			);
			runOnlyForDeploymentPostprocessing = 0;
		};
/* End PBXFrameworksBuildPhase section */

/* Begin PBXGroup section */
		A10A12DF2473859700AE1AAA = {
			isa = PBXGroup;
			children = (
				A10A12EA2473859700AE1AAA /* VirtualTourist */,
				A10A12E92473859700AE1AAA /* Products */,
			);
			sourceTree = "<group>";
		};
		A10A12E92473859700AE1AAA /* Products */ = {
			isa = PBXGroup;
			children = (
				A10A12E82473859700AE1AAA /* VirtualTourist.app */,
			);
			name = Products;
			sourceTree = "<group>";
		};
		A10A12EA2473859700AE1AAA /* VirtualTourist */ = {
			isa = PBXGroup;
			children = (
				A10A12EB2473859700AE1AAA /* AppDelegate.swift */,
				A10A12ED2473859700AE1AAA /* SceneDelegate.swift */,
				A10A12F92473859A00AE1AAA /* Info.plist */,
				A1EF980724743D9900727DC0 /* model */,
				A176B2C52474347C006197EA /* controller */,
				A176B2C6247434A0006197EA /* assets */,
			);
			path = VirtualTourist;
			sourceTree = "<group>";
		};
		A176B2C52474347C006197EA /* controller */ = {
			isa = PBXGroup;
			children = (
				A10A12EF2473859700AE1AAA /* MapViewController.swift */,
				A1EF9805247438E900727DC0 /* PhotoAlbumViewController.swift */,
			);
			path = controller;
			sourceTree = "<group>";
		};
		A176B2C6247434A0006197EA /* assets */ = {
			isa = PBXGroup;
			children = (
				A10A12F12473859700AE1AAA /* Main.storyboard */,
				A10A12F42473859A00AE1AAA /* Assets.xcassets */,
				A10A12F62473859A00AE1AAA /* LaunchScreen.storyboard */,
			);
			path = assets;
			sourceTree = "<group>";
		};
		A1EF980724743D9900727DC0 /* model */ = {
			isa = PBXGroup;
			children = (
				A1EF980824743DFB00727DC0 /* ApiClient.swift */,
				A13D9E2024750030007496FE /* VirtualTourist.xcdatamodeld */,
				A19B747524763F5C00D28D84 /* DataController.swift */,
			);
			path = model;
			sourceTree = "<group>";
		};
/* End PBXGroup section */

/* Begin PBXNativeTarget section */
		A10A12E72473859700AE1AAA /* VirtualTourist */ = {
			isa = PBXNativeTarget;
			buildConfigurationList = A10A12FC2473859A00AE1AAA /* Build configuration list for PBXNativeTarget "VirtualTourist" */;
			buildPhases = (
				A10A12E42473859700AE1AAA /* Sources */,
				A10A12E52473859700AE1AAA /* Frameworks */,
				A10A12E62473859700AE1AAA /* Resources */,
			);
			buildRules = (
			);
			dependencies = (
			);
			name = VirtualTourist;
			productName = VirtualTourist;
			productReference = A10A12E82473859700AE1AAA /* VirtualTourist.app */;
			productType = "com.apple.product-type.application";
		};
/* End PBXNativeTarget section */

/* Begin PBXProject section */
		A10A12E02473859700AE1AAA /* Project object */ = {
			isa = PBXProject;
			attributes = {
				LastSwiftUpdateCheck = 1140;
				LastUpgradeCheck = 1140;
				ORGANIZATIONNAME = AndyRadionov;
				TargetAttributes = {
					A10A12E72473859700AE1AAA = {
						CreatedOnToolsVersion = 11.4.1;
					};
				};
			};
			buildConfigurationList = A10A12E32473859700AE1AAA /* Build configuration list for PBXProject "VirtualTourist" */;
			compatibilityVersion = "Xcode 9.3";
			developmentRegion = en;
			hasScannedForEncodings = 0;
			knownRegions = (
				en,
				Base,
			);
			mainGroup = A10A12DF2473859700AE1AAA;
			productRefGroup = A10A12E92473859700AE1AAA /* Products */;
			projectDirPath = "";
			projectRoot = "";
			targets = (
				A10A12E72473859700AE1AAA /* VirtualTourist */,
			);
		};
/* End PBXProject section */

/* Begin PBXResourcesBuildPhase section */
		A10A12E62473859700AE1AAA /* Resources */ = {
			isa = PBXResourcesBuildPhase;
			buildActionMask = 2147483647;
			files = (
				A10A12F82473859A00AE1AAA /* LaunchScreen.storyboard in Resources */,
				A10A12F52473859A00AE1AAA /* Assets.xcassets in Resources */,
				A10A12F32473859700AE1AAA /* Main.storyboard in Resources */,
			);
			runOnlyForDeploymentPostprocessing = 0;
		};
/* End PBXResourcesBuildPhase section */

/* Begin PBXSourcesBuildPhase section */
		A10A12E42473859700AE1AAA /* Sources */ = {
			isa = PBXSourcesBuildPhase;
			buildActionMask = 2147483647;
			files = (
				A19B747624763F5C00D28D84 /* DataController.swift in Sources */,
				A10A12F02473859700AE1AAA /* MapViewController.swift in Sources */,
				A10A12EC2473859700AE1AAA /* AppDelegate.swift in Sources */,
				A13D9E2224750030007496FE /* VirtualTourist.xcdatamodeld in Sources */,
				A10A12EE2473859700AE1AAA /* SceneDelegate.swift in Sources */,
				A1EF9806247438E900727DC0 /* PhotoAlbumViewController.swift in Sources */,
				A1EF980924743DFB00727DC0 /* ApiClient.swift in Sources */,
			);
			runOnlyForDeploymentPostprocessing = 0;
		};
/* End PBXSourcesBuildPhase section */

/* Begin PBXVariantGroup section */
		A10A12F12473859700AE1AAA /* Main.storyboard */ = {
			isa = PBXVariantGroup;
			children = (
				A10A12F22473859700AE1AAA /* Base */,
			);
			name = Main.storyboard;
			sourceTree = "<group>";
		};
		A10A12F62473859A00AE1AAA /* LaunchScreen.storyboard */ = {
			isa = PBXVariantGroup;
			children = (
				A10A12F72473859A00AE1AAA /* Base */,
			);
			name = LaunchScreen.storyboard;
			sourceTree = "<group>";
		};
/* End PBXVariantGroup section */

/* Begin XCBuildConfiguration section */
		A10A12FA2473859A00AE1AAA /* Debug */ = {
			isa = XCBuildConfiguration;
			buildSettings = {
				ALWAYS_SEARCH_USER_PATHS = NO;
				CLANG_ANALYZER_NONNULL = YES;
				CLANG_ANALYZER_NUMBER_OBJECT_CONVERSION = YES_AGGRESSIVE;
				CLANG_CXX_LANGUAGE_STANDARD = "gnu++14";
				CLANG_CXX_LIBRARY = "libc++";
				CLANG_ENABLE_MODULES = YES;
				CLANG_ENABLE_OBJC_ARC = YES;
				CLANG_ENABLE_OBJC_WEAK = YES;
				CLANG_WARN_BLOCK_CAPTURE_AUTORELEASING = YES;
				CLANG_WARN_BOOL_CONVERSION = YES;
				CLANG_WARN_COMMA = YES;
				CLANG_WARN_CONSTANT_CONVERSION = YES;
				CLANG_WARN_DEPRECATED_OBJC_IMPLEMENTATIONS = YES;
				CLANG_WARN_DIRECT_OBJC_ISA_USAGE = YES_ERROR;
				CLANG_WARN_DOCUMENTATION_COMMENTS = YES;
				CLANG_WARN_EMPTY_BODY = YES;
				CLANG_WARN_ENUM_CONVERSION = YES;
				CLANG_WARN_INFINITE_RECURSION = YES;
				CLANG_WARN_INT_CONVERSION = YES;
				CLANG_WARN_NON_LITERAL_NULL_CONVERSION = YES;
				CLANG_WARN_OBJC_IMPLICIT_RETAIN_SELF = YES;
				CLANG_WARN_OBJC_LITERAL_CONVERSION = YES;
				CLANG_WARN_OBJC_ROOT_CLASS = YES_ERROR;
				CLANG_WARN_RANGE_LOOP_ANALYSIS = YES;
				CLANG_WARN_STRICT_PROTOTYPES = YES;
				CLANG_WARN_SUSPICIOUS_MOVE = YES;
				CLANG_WARN_UNGUARDED_AVAILABILITY = YES_AGGRESSIVE;
				CLANG_WARN_UNREACHABLE_CODE = YES;
				CLANG_WARN__DUPLICATE_METHOD_MATCH = YES;
				COPY_PHASE_STRIP = NO;
				DEBUG_INFORMATION_FORMAT = dwarf;
				ENABLE_STRICT_OBJC_MSGSEND = YES;
				ENABLE_TESTABILITY = YES;
				GCC_C_LANGUAGE_STANDARD = gnu11;
				GCC_DYNAMIC_NO_PIC = NO;
				GCC_NO_COMMON_BLOCKS = YES;
				GCC_OPTIMIZATION_LEVEL = 0;
				GCC_PREPROCESSOR_DEFINITIONS = (
					"DEBUG=1",
					"$(inherited)",
				);
				GCC_WARN_64_TO_32_BIT_CONVERSION = YES;
				GCC_WARN_ABOUT_RETURN_TYPE = YES_ERROR;
				GCC_WARN_UNDECLARED_SELECTOR = YES;
				GCC_WARN_UNINITIALIZED_AUTOS = YES_AGGRESSIVE;
				GCC_WARN_UNUSED_FUNCTION = YES;
				GCC_WARN_UNUSED_VARIABLE = YES;
				IPHONEOS_DEPLOYMENT_TARGET = 13.4;
				MTL_ENABLE_DEBUG_INFO = INCLUDE_SOURCE;
				MTL_FAST_MATH = YES;
				ONLY_ACTIVE_ARCH = YES;
				SDKROOT = iphoneos;
				SWIFT_ACTIVE_COMPILATION_CONDITIONS = DEBUG;
				SWIFT_OPTIMIZATION_LEVEL = "-Onone";
			};
			name = Debug;
		};
		A10A12FB2473859A00AE1AAA /* Release */ = {
			isa = XCBuildConfiguration;
			buildSettings = {
				ALWAYS_SEARCH_USER_PATHS = NO;
				CLANG_ANALYZER_NONNULL = YES;
				CLANG_ANALYZER_NUMBER_OBJECT_CONVERSION = YES_AGGRESSIVE;
				CLANG_CXX_LANGUAGE_STANDARD = "gnu++14";
				CLANG_CXX_LIBRARY = "libc++";
				CLANG_ENABLE_MODULES = YES;
				CLANG_ENABLE_OBJC_ARC = YES;
				CLANG_ENABLE_OBJC_WEAK = YES;
				CLANG_WARN_BLOCK_CAPTURE_AUTORELEASING = YES;
				CLANG_WARN_BOOL_CONVERSION = YES;
				CLANG_WARN_COMMA = YES;
				CLANG_WARN_CONSTANT_CONVERSION = YES;
				CLANG_WARN_DEPRECATED_OBJC_IMPLEMENTATIONS = YES;
				CLANG_WARN_DIRECT_OBJC_ISA_USAGE = YES_ERROR;
				CLANG_WARN_DOCUMENTATION_COMMENTS = YES;
				CLANG_WARN_EMPTY_BODY = YES;
				CLANG_WARN_ENUM_CONVERSION = YES;
				CLANG_WARN_INFINITE_RECURSION = YES;
				CLANG_WARN_INT_CONVERSION = YES;
				CLANG_WARN_NON_LITERAL_NULL_CONVERSION = YES;
				CLANG_WARN_OBJC_IMPLICIT_RETAIN_SELF = YES;
				CLANG_WARN_OBJC_LITERAL_CONVERSION = YES;
				CLANG_WARN_OBJC_ROOT_CLASS = YES_ERROR;
				CLANG_WARN_RANGE_LOOP_ANALYSIS = YES;
				CLANG_WARN_STRICT_PROTOTYPES = YES;
				CLANG_WARN_SUSPICIOUS_MOVE = YES;
				CLANG_WARN_UNGUARDED_AVAILABILITY = YES_AGGRESSIVE;
				CLANG_WARN_UNREACHABLE_CODE = YES;
				CLANG_WARN__DUPLICATE_METHOD_MATCH = YES;
				COPY_PHASE_STRIP = NO;
				DEBUG_INFORMATION_FORMAT = "dwarf-with-dsym";
				ENABLE_NS_ASSERTIONS = NO;
				ENABLE_STRICT_OBJC_MSGSEND = YES;
				GCC_C_LANGUAGE_STANDARD = gnu11;
				GCC_NO_COMMON_BLOCKS = YES;
				GCC_WARN_64_TO_32_BIT_CONVERSION = YES;
				GCC_WARN_ABOUT_RETURN_TYPE = YES_ERROR;
				GCC_WARN_UNDECLARED_SELECTOR = YES;
				GCC_WARN_UNINITIALIZED_AUTOS = YES_AGGRESSIVE;
				GCC_WARN_UNUSED_FUNCTION = YES;
				GCC_WARN_UNUSED_VARIABLE = YES;
				IPHONEOS_DEPLOYMENT_TARGET = 13.4;
				MTL_ENABLE_DEBUG_INFO = NO;
				MTL_FAST_MATH = YES;
				SDKROOT = iphoneos;
				SWIFT_COMPILATION_MODE = wholemodule;
				SWIFT_OPTIMIZATION_LEVEL = "-O";
				VALIDATE_PRODUCT = YES;
			};
			name = Release;
		};
		A10A12FD2473859A00AE1AAA /* Debug */ = {
			isa = XCBuildConfiguration;
			buildSettings = {
				ASSETCATALOG_COMPILER_APPICON_NAME = AppIcon;
				CODE_SIGN_STYLE = Automatic;
				INFOPLIST_FILE = VirtualTourist/Info.plist;
				LD_RUNPATH_SEARCH_PATHS = (
					"$(inherited)",
					"@executable_path/Frameworks",
				);
				PRODUCT_BUNDLE_IDENTIFIER = io.AndyRadionov.VirtualTourist;
				PRODUCT_NAME = "$(TARGET_NAME)";
				SWIFT_VERSION = 5.0;
				TARGETED_DEVICE_FAMILY = "1,2";
			};
			name = Debug;
		};
		A10A12FE2473859A00AE1AAA /* Release */ = {
			isa = XCBuildConfiguration;
			buildSettings = {
				ASSETCATALOG_COMPILER_APPICON_NAME = AppIcon;
				CODE_SIGN_STYLE = Automatic;
				INFOPLIST_FILE = VirtualTourist/Info.plist;
				LD_RUNPATH_SEARCH_PATHS = (
					"$(inherited)",
					"@executable_path/Frameworks",
				);
				PRODUCT_BUNDLE_IDENTIFIER = io.AndyRadionov.VirtualTourist;
				PRODUCT_NAME = "$(TARGET_NAME)";
				SWIFT_VERSION = 5.0;
				TARGETED_DEVICE_FAMILY = "1,2";
			};
			name = Release;
		};
/* End XCBuildConfiguration section */

/* Begin XCConfigurationList section */
		A10A12E32473859700AE1AAA /* Build configuration list for PBXProject "VirtualTourist" */ = {
			isa = XCConfigurationList;
			buildConfigurations = (
				A10A12FA2473859A00AE1AAA /* Debug */,
				A10A12FB2473859A00AE1AAA /* Release */,
			);
			defaultConfigurationIsVisible = 0;
			defaultConfigurationName = Release;
		};
		A10A12FC2473859A00AE1AAA /* Build configuration list for PBXNativeTarget "VirtualTourist" */ = {
			isa = XCConfigurationList;
			buildConfigurations = (
				A10A12FD2473859A00AE1AAA /* Debug */,
				A10A12FE2473859A00AE1AAA /* Release */,
			);
			defaultConfigurationIsVisible = 0;
			defaultConfigurationName = Release;
		};
/* End XCConfigurationList section */

/* Begin XCVersionGroup section */
		A13D9E2024750030007496FE /* VirtualTourist.xcdatamodeld */ = {
			isa = XCVersionGroup;
			children = (
				A13D9E2124750030007496FE /* VirtualTourist.xcdatamodel */,
			);
			currentVersion = A13D9E2124750030007496FE /* VirtualTourist.xcdatamodel */;
			path = VirtualTourist.xcdatamodeld;
			sourceTree = "<group>";
			versionGroupType = wrapper.xcdatamodel;
		};
/* End XCVersionGroup section */
	};
	rootObject = A10A12E02473859700AE1AAA /* Project object */;
}
